PODS:
  - Capacitor (5.0.5):
    - CapacitorCordova
  - CapacitorCommunityBarcodeScanner (4.0.1):
    - Capacitor
  - CapacitorCommunityMedia (5.0.1):
    - Capacitor
    - SDWebImage
  - CapacitorCordova (5.0.5)
  - CapacitorDialog (5.0.4):
    - Capacitor
  - CapacitorHaptics (5.0.4):
    - Capacitor
  - CapacitorToast (5.0.4):
    - Capacitor
  - SDWebImage (5.16.0):
    - SDWebImage/Core (= 5.16.0)
  - SDWebImage/Core (5.16.0)

DEPENDENCIES:
  - "Capacitor (from `../../node_modules/.pnpm/@capacitor+ios@5.0.5_@capacitor+core@5.0.5/node_modules/@capacitor/ios`)"
  - "CapacitorCommunityBarcodeScanner (from `../../node_modules/.pnpm/@capacitor-community+barcode-scanner@4.0.1_@capacitor+core@5.0.5/node_modules/@capacitor-community/barcode-scanner`)"
  - "CapacitorCommunityMedia (from `../../node_modules/.pnpm/@capacitor-community+media@5.0.1_@capacitor+core@5.0.5/node_modules/@capacitor-community/media`)"
  - "CapacitorCordova (from `../../node_modules/.pnpm/@capacitor+ios@5.0.5_@capacitor+core@5.0.5/node_modules/@capacitor/ios`)"
  - "CapacitorDialog (from `../../node_modules/.pnpm/@capacitor+dialog@5.0.4_@capacitor+core@5.0.5/node_modules/@capacitor/dialog`)"
  - "CapacitorHaptics (from `../../node_modules/.pnpm/@capacitor+haptics@5.0.4_@capacitor+core@5.0.5/node_modules/@capacitor/haptics`)"
  - "CapacitorToast (from `../../node_modules/.pnpm/@capacitor+toast@5.0.4_@capacitor+core@5.0.5/node_modules/@capacitor/toast`)"

SPEC REPOS:
  trunk:
    - SDWebImage

EXTERNAL SOURCES:
  Capacitor:
    :path: "../../node_modules/.pnpm/@capacitor+ios@5.0.5_@capacitor+core@5.0.5/node_modules/@capacitor/ios"
  CapacitorCommunityBarcodeScanner:
    :path: "../../node_modules/.pnpm/@capacitor-community+barcode-scanner@4.0.1_@capacitor+core@5.0.5/node_modules/@capacitor-community/barcode-scanner"
  CapacitorCommunityMedia:
    :path: "../../node_modules/.pnpm/@capacitor-community+media@5.0.1_@capacitor+core@5.0.5/node_modules/@capacitor-community/media"
  CapacitorCordova:
    :path: "../../node_modules/.pnpm/@capacitor+ios@5.0.5_@capacitor+core@5.0.5/node_modules/@capacitor/ios"
  CapacitorDialog:
    :path: "../../node_modules/.pnpm/@capacitor+dialog@5.0.4_@capacitor+core@5.0.5/node_modules/@capacitor/dialog"
  CapacitorHaptics:
    :path: "../../node_modules/.pnpm/@capacitor+haptics@5.0.4_@capacitor+core@5.0.5/node_modules/@capacitor/haptics"
  CapacitorToast:
    :path: "../../node_modules/.pnpm/@capacitor+toast@5.0.4_@capacitor+core@5.0.5/node_modules/@capacitor/toast"

SPEC CHECKSUMS:
  Capacitor: b1248915663add1bd6567e2b67c1c1fa3abcf5e8
  CapacitorCommunityBarcodeScanner: 7feb206489c8555a8ca0c74c57ddf49ead774eb8
  CapacitorCommunityMedia: 5724be7d15d5dbfeb704657c2a8ac5af718f5009
  CapacitorCordova: f8c06b897c74ee8f7701fe10e6443b40822bc83a
  CapacitorDialog: fe8b913cdf8c73cabe556974565fc44f2a09c75f
  CapacitorHaptics: e36653b37326d71bb35ae42b944124037dbc3d97
  CapacitorToast: fcc4329f01d06cf02f190f8f5ce7f16509a2263c
  SDWebImage: 2aea163b50bfcb569a2726b6a754c54a4506fcf6

PODFILE CHECKSUM: 031c0c89093a0d59bec1b6462116fcddd897e23c

COCOAPODS: 1.12.1
