PODS:
  - Capacitor (8.4.2):
    - CapacitorCordova
  - CapacitorCommunityBarcodeScanner (4.0.1):
    - Capacitor
  - CapacitorCommunityMedia (9.1.0):
    - Capacitor
    - SDWebImage
  - CapacitorCordova (8.4.2)
  - CapacitorDialog (8.0.1):
    - Capacitor
  - CapacitorHaptics (8.0.2):
    - Capacitor
  - CapacitorToast (8.0.1):
    - Capacitor
  - SDWebImage (5.21.7):
    - SDWebImage/Core (= 5.21.7)
  - SDWebImage/Core (5.21.7)

DEPENDENCIES:
  - "Capacitor (from `../../node_modules/.pnpm/@capacitor+ios@8.4.2_@capacitor+core@8.4.2/node_modules/@capacitor/ios`)"
  - "CapacitorCommunityBarcodeScanner (from `../../node_modules/.pnpm/@capacitor-community+barcode-scanner@4.0.1_@capacitor+core@8.4.2/node_modules/@capacitor-community/barcode-scanner`)"
  - "CapacitorCommunityMedia (from `../../node_modules/.pnpm/@capacitor-community+media@9.1.0_@capacitor+core@8.4.2/node_modules/@capacitor-community/media`)"
  - "CapacitorCordova (from `../../node_modules/.pnpm/@capacitor+ios@8.4.2_@capacitor+core@8.4.2/node_modules/@capacitor/ios`)"
  - "CapacitorDialog (from `../../node_modules/.pnpm/@capacitor+dialog@8.0.1_@capacitor+core@8.4.2/node_modules/@capacitor/dialog`)"
  - "CapacitorHaptics (from `../../node_modules/.pnpm/@capacitor+haptics@8.0.2_@capacitor+core@8.4.2/node_modules/@capacitor/haptics`)"
  - "CapacitorToast (from `../../node_modules/.pnpm/@capacitor+toast@8.0.1_@capacitor+core@8.4.2/node_modules/@capacitor/toast`)"

SPEC REPOS:
  trunk:
    - SDWebImage

EXTERNAL SOURCES:
  Capacitor:
    :path: "../../node_modules/.pnpm/@capacitor+ios@8.4.2_@capacitor+core@8.4.2/node_modules/@capacitor/ios"
  CapacitorCommunityBarcodeScanner:
    :path: "../../node_modules/.pnpm/@capacitor-community+barcode-scanner@4.0.1_@capacitor+core@8.4.2/node_modules/@capacitor-community/barcode-scanner"
  CapacitorCommunityMedia:
    :path: "../../node_modules/.pnpm/@capacitor-community+media@9.1.0_@capacitor+core@8.4.2/node_modules/@capacitor-community/media"
  CapacitorCordova:
    :path: "../../node_modules/.pnpm/@capacitor+ios@8.4.2_@capacitor+core@8.4.2/node_modules/@capacitor/ios"
  CapacitorDialog:
    :path: "../../node_modules/.pnpm/@capacitor+dialog@8.0.1_@capacitor+core@8.4.2/node_modules/@capacitor/dialog"
  CapacitorHaptics:
    :path: "../../node_modules/.pnpm/@capacitor+haptics@8.0.2_@capacitor+core@8.4.2/node_modules/@capacitor/haptics"
  CapacitorToast:
    :path: "../../node_modules/.pnpm/@capacitor+toast@8.0.1_@capacitor+core@8.4.2/node_modules/@capacitor/toast"

SPEC CHECKSUMS:
  Capacitor: 52f999235b8bd6a7d01694753f4f4d54d182e3a3
  CapacitorCommunityBarcodeScanner: 100051f49caad62966f331cbdf6844a3e51db8e9
  CapacitorCommunityMedia: 862ba42957f75b74e403fc3a35bb1b286bfe9410
  CapacitorCordova: 345eacdc4c8282415446aea4acd8c77d82480bd4
  CapacitorDialog: 854c5dac405081cae697c177ca43bcaa95ae67bf
  CapacitorHaptics: 296f771ecd89c7a1bd92a7b6826a7d268e2e70f5
  CapacitorToast: 408036fbd702120d3adde3980b740f3c0fb60c9e
  SDWebImage: e9fc87c1aab89a8ab1bbd74eba378c6f53be8abf

PODFILE CHECKSUM: 836c308b90d6ce7bbf261fc18671cd65ba95dfe1

COCOAPODS: 1.17.0
